
Microsoft Visual Studio Solution File, Format Version 12.00
# Visual Studio 15
VisualStudioVersion = 15.0.28307.1267
MinimumVisualStudioVersion = 10.0.40219.1
Project("{FAE04EC0-301F-11D3-BF4B-00C04F79EFBC}") = "201123Win_mayinTarlasi", "201123Win_mayinTarlasi\201123Win_mayinTarlasi.csproj", "{F147C7FC-D39C-4A34-A7DB-D396F8096F91}"
EndProject
Global
	GlobalSection(SolutionConfigurationPlatforms) = preSolution
		Debug|Any CPU = Debug|Any CPU
		Release|Any CPU = Release|Any CPU
	EndGlobalSection
	GlobalSection(ProjectConfigurationPlatforms) = postSolution
		{F147C7FC-D39C-4A34-A7DB-D396F8096F91}.Debug|Any CPU.ActiveCfg = Debug|Any CPU
		{F147C7FC-D39C-4A34-A7DB-D396F8096F91}.Debug|Any CPU.Build.0 = Debug|Any CPU
		{F147C7FC-D39C-4A34-A7DB-D396F8096F91}.Release|Any CPU.ActiveCfg = Release|Any CPU
		{F147C7FC-D39C-4A34-A7DB-D396F8096F91}.Release|Any CPU.Build.0 = Release|Any CPU
	EndGlobalSection
	GlobalSection(SolutionProperties) = preSolution
		HideSolutionNode = FALSE
	EndGlobalSection
	GlobalSection(ExtensibilityGlobals) = postSolution
		SolutionGuid = {B61E64D3-E188-4292-8584-0BB40B188243}
	EndGlobalSection
EndGlobal
